
Microsoft Visual Studio Solution File, Format Version 12.00
# Visual Studio Version 17
VisualStudioVersion = 17.4.33213.308
MinimumVisualStudioVersion = 10.0.40219.1
Project("{FAE04EC0-301F-11D3-BF4B-00C04F79EFBC}") = "brakewall", "brakewall.csproj", "{5817DA25-22EC-4F43-A57F-178B725CC494}"
EndProject
Global
	GlobalSection(SolutionConfigurationPlatforms) = preSolution
		Debug|Any CPU = Debug|Any CPU
		Release|Any CPU = Release|Any CPU
	EndGlobalSection
	GlobalSection(ProjectConfigurationPlatforms) = postSolution
		{5817DA25-22EC-4F43-A57F-178B725CC494}.Debug|Any CPU.ActiveCfg = Debug|Any CPU
		{5817DA25-22EC-4F43-A57F-178B725CC494}.Debug|Any CPU.Build.0 = Debug|Any CPU
		{5817DA25-22EC-4F43-A57F-178B725CC494}.Release|Any CPU.ActiveCfg = Release|Any CPU
		{5817DA25-22EC-4F43-A57F-178B725CC494}.Release|Any CPU.Build.0 = Release|Any CPU
	EndGlobalSection
	GlobalSection(SolutionProperties) = preSolution
		HideSolutionNode = FALSE
	EndGlobalSection
	GlobalSection(ExtensibilityGlobals) = postSolution
		SolutionGuid = {F50B8BFB-E773-4955-BB38-1E38D444FF84}
	EndGlobalSection
EndGlobal
